github.com/icza/gowut v1.4.0 h1:OwUKBXP20Iw3EgghXznRyuohMM5hG9zID9bU1n+a6+U=
github.com/icza/gowut v1.4.0/go.mod h1:0bLWFdhY/FxwCx2nDrezL87kfFgPfwZn9GytsrUPM8U=
github.com/kami-zh/go-capturer v0.0.0-20171211120116-e492ea43421d h1:cVtBfNW5XTHiKQe7jDaDBSh/EVM4XLPutLAGboIXuM0=
github.com/kami-zh/go-capturer v0.0.0-20171211120116-e492ea43421d/go.mod h1:P2viExyCEfeWGU259JnaQ34Inuec4R38JCyBx2edgD0=
